
Microsoft Visual Studio Solution File, Format Version 12.00
# Visual Studio Version 16
VisualStudioVersion = 16.0.29709.97
MinimumVisualStudioVersion = 10.0.40219.1
Project("{9A19103F-16F7-4668-BE54-9A1E7A4F7556}") = "advent_22", "advent_22.csproj", "{568251FD-456C-48E0-B102-A8956153C946}"
EndProject
Global
	GlobalSection(SolutionConfigurationPlatforms) = preSolution
		Debug|Any CPU = Debug|Any CPU
		Release|Any CPU = Release|Any CPU
	EndGlobalSection
	GlobalSection(ProjectConfigurationPlatforms) = postSolution
		{568251FD-456C-48E0-B102-A8956153C946}.Debug|Any CPU.ActiveCfg = Debug|Any CPU
		{568251FD-456C-48E0-B102-A8956153C946}.Debug|Any CPU.Build.0 = Debug|Any CPU
		{568251FD-456C-48E0-B102-A8956153C946}.Release|Any CPU.ActiveCfg = Release|Any CPU
		{568251FD-456C-48E0-B102-A8956153C946}.Release|Any CPU.Build.0 = Release|Any CPU
	EndGlobalSection
	GlobalSection(SolutionProperties) = preSolution
		HideSolutionNode = FALSE
	EndGlobalSection
	GlobalSection(ExtensibilityGlobals) = postSolution
		SolutionGuid = {78D783F0-5954-4173-BA89-EE9833AE4BC4}
	EndGlobalSection
EndGlobal
