
Microsoft Visual Studio Solution File, Format Version 12.00
# Visual Studio Version 16
VisualStudioVersion = 16.0.29709.97
MinimumVisualStudioVersion = 10.0.40219.1
Project("{9A19103F-16F7-4668-BE54-9A1E7A4F7556}") = "advent_22", "advent_22.csproj", "{73631404-9333-44BA-A8EB-2B912B9D0C38}"
EndProject
Global
	GlobalSection(SolutionConfigurationPlatforms) = preSolution
		Debug|Any CPU = Debug|Any CPU
		Release|Any CPU = Release|Any CPU
	EndGlobalSection
	GlobalSection(ProjectConfigurationPlatforms) = postSolution
		{73631404-9333-44BA-A8EB-2B912B9D0C38}.Debug|Any CPU.ActiveCfg = Debug|Any CPU
		{73631404-9333-44BA-A8EB-2B912B9D0C38}.Debug|Any CPU.Build.0 = Debug|Any CPU
		{73631404-9333-44BA-A8EB-2B912B9D0C38}.Release|Any CPU.ActiveCfg = Release|Any CPU
		{73631404-9333-44BA-A8EB-2B912B9D0C38}.Release|Any CPU.Build.0 = Release|Any CPU
	EndGlobalSection
	GlobalSection(SolutionProperties) = preSolution
		HideSolutionNode = FALSE
	EndGlobalSection
	GlobalSection(ExtensibilityGlobals) = postSolution
		SolutionGuid = {5F0CB493-DFC5-4781-89C6-F132BF096983}
	EndGlobalSection
EndGlobal
